
Microsoft Visual Studio Solution File, Format Version 12.00
# Visual Studio 2012
Project("{FAE04EC0-301F-11D3-BF4B-00C04F79EFBC}") = "Ex03.GarageLogic", "Ex03.GarageLogic\Ex03.GarageLogic.csproj", "{D25209A9-1D7B-405B-A028-7BB1C1DAF99B}"
EndProject
Project("{FAE04EC0-301F-11D3-BF4B-00C04F79EFBC}") = "Ex03.GarageManagementSystem.ConsoleUI", "Ex03.GarageManagementSystem.ConsoleUI\Ex03.GarageManagementSystem.ConsoleUI.csproj", "{96198F09-8078-4C4B-8081-E7FFAD1712E2}"
EndProject
Global
	GlobalSection(SolutionConfigurationPlatforms) = preSolution
		Debug|Any CPU = Debug|Any CPU
		Release|Any CPU = Release|Any CPU
	EndGlobalSection
	GlobalSection(ProjectConfigurationPlatforms) = postSolution
		{D25209A9-1D7B-405B-A028-7BB1C1DAF99B}.Debug|Any CPU.ActiveCfg = Debug|Any CPU
		{D25209A9-1D7B-405B-A028-7BB1C1DAF99B}.Debug|Any CPU.Build.0 = Debug|Any CPU
		{D25209A9-1D7B-405B-A028-7BB1C1DAF99B}.Release|Any CPU.ActiveCfg = Release|Any CPU
		{D25209A9-1D7B-405B-A028-7BB1C1DAF99B}.Release|Any CPU.Build.0 = Release|Any CPU
		{96198F09-8078-4C4B-8081-E7FFAD1712E2}.Debug|Any CPU.ActiveCfg = Debug|Any CPU
		{96198F09-8078-4C4B-8081-E7FFAD1712E2}.Debug|Any CPU.Build.0 = Debug|Any CPU
		{96198F09-8078-4C4B-8081-E7FFAD1712E2}.Release|Any CPU.ActiveCfg = Release|Any CPU
		{96198F09-8078-4C4B-8081-E7FFAD1712E2}.Release|Any CPU.Build.0 = Release|Any CPU
	EndGlobalSection
	GlobalSection(SolutionProperties) = preSolution
		HideSolutionNode = FALSE
	EndGlobalSection
EndGlobal
